
Microsoft Visual Studio Solution File, Format Version 12.00
# Visual Studio Version 16
VisualStudioVersion = 16.0.29306.81
MinimumVisualStudioVersion = 10.0.40219.1
Project("{FAE04EC0-301F-11D3-BF4B-00C04F79EFBC}") = "PocBTG", "PocBTG.csproj", "{EAA5DB04-E746-470A-A96F-B70681A12E4A}"
EndProject
Global
	GlobalSection(SolutionConfigurationPlatforms) = preSolution
		Debug|Any CPU = Debug|Any CPU
		Release|Any CPU = Release|Any CPU
	EndGlobalSection
	GlobalSection(ProjectConfigurationPlatforms) = postSolution
		{EAA5DB04-E746-470A-A96F-B70681A12E4A}.Debug|Any CPU.ActiveCfg = Debug|Any CPU
		{EAA5DB04-E746-470A-A96F-B70681A12E4A}.Debug|Any CPU.Build.0 = Debug|Any CPU
		{EAA5DB04-E746-470A-A96F-B70681A12E4A}.Release|Any CPU.ActiveCfg = Release|Any CPU
		{EAA5DB04-E746-470A-A96F-B70681A12E4A}.Release|Any CPU.Build.0 = Release|Any CPU
	EndGlobalSection
	GlobalSection(SolutionProperties) = preSolution
		HideSolutionNode = FALSE
	EndGlobalSection
	GlobalSection(ExtensibilityGlobals) = postSolution
		SolutionGuid = {82AAF709-F417-40AF-82DE-DBF1DF4A24E2}
	EndGlobalSection
EndGlobal
